
Microsoft Visual Studio Solution File, Format Version 12.00
# Visual Studio 15
VisualStudioVersion = 15.0.28307.168
MinimumVisualStudioVersion = 10.0.40219.1
Project("{FAE04EC0-301F-11D3-BF4B-00C04F79EFBC}") = "ExpertSystemShell.Gui", "ExpertSystemShell.Gui\ExpertSystemShell.Gui.csproj", "{A2EF870D-EAE2-4156-9B76-882605932726}"
EndProject
Project("{FAE04EC0-301F-11D3-BF4B-00C04F79EFBC}") = "ExpertSystemShell.Core", "ExpertSystemShell.Core\ExpertSystemShell.Core.csproj", "{F230C8E0-04CF-40A6-AB6D-AFBDB226EEDA}"
EndProject
Project("{FAE04EC0-301F-11D3-BF4B-00C04F79EFBC}") = "ExpertSystemShell.Model", "ExpertSystemShell.Model\ExpertSystemShell.Model.csproj", "{65026479-8A58-4CD5-BD49-CDD779A1668F}"
EndProject
Global
	GlobalSection(SolutionConfigurationPlatforms) = preSolution
		Debug|Any CPU = Debug|Any CPU
		Release|Any CPU = Release|Any CPU
	EndGlobalSection
	GlobalSection(ProjectConfigurationPlatforms) = postSolution
		{A2EF870D-EAE2-4156-9B76-882605932726}.Debug|Any CPU.ActiveCfg = Debug|Any CPU
		{A2EF870D-EAE2-4156-9B76-882605932726}.Debug|Any CPU.Build.0 = Debug|Any CPU
		{A2EF870D-EAE2-4156-9B76-882605932726}.Release|Any CPU.ActiveCfg = Release|Any CPU
		{A2EF870D-EAE2-4156-9B76-882605932726}.Release|Any CPU.Build.0 = Release|Any CPU
		{F230C8E0-04CF-40A6-AB6D-AFBDB226EEDA}.Debug|Any CPU.ActiveCfg = Debug|Any CPU
		{F230C8E0-04CF-40A6-AB6D-AFBDB226EEDA}.Debug|Any CPU.Build.0 = Debug|Any CPU
		{F230C8E0-04CF-40A6-AB6D-AFBDB226EEDA}.Release|Any CPU.ActiveCfg = Release|Any CPU
		{F230C8E0-04CF-40A6-AB6D-AFBDB226EEDA}.Release|Any CPU.Build.0 = Release|Any CPU
		{65026479-8A58-4CD5-BD49-CDD779A1668F}.Debug|Any CPU.ActiveCfg = Debug|Any CPU
		{65026479-8A58-4CD5-BD49-CDD779A1668F}.Debug|Any CPU.Build.0 = Debug|Any CPU
		{65026479-8A58-4CD5-BD49-CDD779A1668F}.Release|Any CPU.ActiveCfg = Release|Any CPU
		{65026479-8A58-4CD5-BD49-CDD779A1668F}.Release|Any CPU.Build.0 = Release|Any CPU
	EndGlobalSection
	GlobalSection(SolutionProperties) = preSolution
		HideSolutionNode = FALSE
	EndGlobalSection
	GlobalSection(ExtensibilityGlobals) = postSolution
		SolutionGuid = {198873B5-4AE7-4279-A05C-EB6ABD6FBA62}
	EndGlobalSection
EndGlobal
